<Solution>
  <Project Path="FleetTracker.AppHost/FleetTracker.AppHost.csproj" />
  <Project Path="FleetTracker.ServiceDefaults/FleetTracker.ServiceDefaults.csproj" />
  <Project Path="FleetTracker.Services/FleetTracker.Services.Api/FleetTracker.Services.Api.csproj" />
  <Project Path="FleetTracker.Services/FleetTracker.Services.Application/FleetTracker.Services.Application.csproj" />
  <Project Path="FleetTracker.Services/FleetTracker.Services.ConsoleApp/FleetTracker.Services.ConsoleApp.csproj" />
  <Project Path="FleetTracker.Services/FleetTracker.Services.Core/FleetTracker.Services.Core.csproj" />
  <Project Path="FleetTracker.Services/FleetTracker.Services.Data/FleetTracker.Services.Data.csproj" />
</Solution>
