<Solution>
  <Project Path="FleetTracker.Services.Application/FleetTracker.Services.Application.csproj" />
  <Project Path="FleetTracker.Services.ConsoleApp/FleetTracker.Services.ConsoleApp.csproj" />
  <Project Path="FleetTracker.Services.Core/FleetTracker.Services.Core.csproj" />
  <Project Path="FleetTracker.Services.Data/FleetTracker.Services.Data.csproj" />
</Solution>
